{
  "name": "kurl",
  "version": "1.0.0",
  "lockfileVersion": 3,
  "requires": true,
  "packages": {
    "": {
      "name": "kurl",
      "version": "1.0.0",
      "license": "MIT",
      "dependencies": {
        "@aws-sdk/client-s3": "^3.1058.0",
        "chokidar": "^5.0.0",
        "semver": "^7.7.4"
      }
    },
    "node_modules/@aws-crypto/crc32": {
      "version": "5.2.0",
      "resolved": "https://registry.npmjs.org/@aws-crypto/crc32/-/crc32-5.2.0.tgz",
      "integrity": "sha512-nLbCWqQNgUiwwtFsen1AdzAtvuLRsQS8rYgMuxCrdKf9kOssamGLuPwyTY9wyYblNr9+1XM8v6zoDTPPSIeANg==",
      "license": "Apache-2.0",
      "dependencies": {
        "@aws-crypto/util": "^5.2.0",
        "@aws-sdk/types": "^3.222.0",
        "tslib": "^2.6.2"
      },
      "engines": {
        "node": ">=16.0.0"
      }
    },
    "node_modules/@aws-crypto/crc32c": {
      "version": "5.2.0",
      "resolved": "https://registry.npmjs.org/@aws-crypto/crc32c/-/crc32c-5.2.0.tgz",
      "integrity": "sha512-+iWb8qaHLYKrNvGRbiYRHSdKRWhto5XlZUEBwDjYNf+ly5SVYG6zEoYIdxvf5R3zyeP16w4PLBn3rH1xc74Rag==",
      "license": "Apache-2.0",
      "dependencies": {
        "@aws-crypto/util": "^5.2.0",
        "@aws-sdk/types": "^3.222.0",
        "tslib": "^2.6.2"
      }
    },
    "node_modules/@aws-crypto/sha1-browser": {
      "version": "5.2.0",
      "resolved": "https://registry.npmjs.org/@aws-crypto/sha1-browser/-/sha1-browser-5.2.0.tgz",
      "integrity": "sha512-OH6lveCFfcDjX4dbAvCFSYUjJZjDr/3XJ3xHtjn3Oj5b9RjojQo8npoLeA/bNwkOkrSQ0wgrHzXk4tDRxGKJeg==",
      "license": "Apache-2.0",
      "dependencies": {
        "@aws-crypto/supports-web-crypto": "^5.2.0",
        "@aws-crypto/util": "^5.2.0",
        "@aws-sdk/types": "^3.222.0",
        "@aws-sdk/util-locate-window": "^3.0.0",
        "@smithy/util-utf8": "^2.0.0",
        "tslib": "^2.6.2"
      }
    },
    "node_modules/@aws-crypto/sha256-browser": {
      "version": "5.2.0",
      "resolved": "https://registry.npmjs.org/@aws-crypto/sha256-browser/-/sha256-browser-5.2.0.tgz",
      "integrity": "sha512-AXfN/lGotSQwu6HNcEsIASo7kWXZ5HYWvfOmSNKDsEqC4OashTp8alTmaz+F7TC2L083SFv5RdB+qU3Vs1kZqw==",
      "license": "Apache-2.0",
      "dependencies": {
        "@aws-crypto/sha256-js": "^5.2.0",
        "@aws-crypto/supports-web-crypto": "^5.2.0",
        "@aws-crypto/util": "^5.2.0",
        "@aws-sdk/types": "^3.222.0",
        "@aws-sdk/util-locate-window": "^3.0.0",
        "@smithy/util-utf8": "^2.0.0",
        "tslib": "^2.6.2"
      }
    },
    "node_modules/@aws-crypto/sha256-js": {
      "version": "5.2.0",
      "resolved": "https://registry.npmjs.org/@aws-crypto/sha256-js/-/sha256-js-5.2.0.tgz",
      "integrity": "sha512-FFQQyu7edu4ufvIZ+OadFpHHOt+eSTBaYaki44c+akjg7qZg9oOQeLlk77F6tSYqjDAFClrHJk9tMf0HdVyOvA==",
      "license": "Apache-2.0",
      "dependencies": {
        "@aws-crypto/util": "^5.2.0",
        "@aws-sdk/types": "^3.222.0",
        "tslib": "^2.6.2"
      },
      "engines": {
        "node": ">=16.0.0"
      }
    },
    "node_modules/@aws-crypto/supports-web-crypto": {
      "version": "5.2.0",
      "resolved": "https://registry.npmjs.org/@aws-crypto/supports-web-crypto/-/supports-web-crypto-5.2.0.tgz",
      "integrity": "sha512-iAvUotm021kM33eCdNfwIN//F77/IADDSs58i+MDaOqFrVjZo9bAal0NK7HurRuWLLpF1iLX7gbWrjHjeo+YFg==",
      "license": "Apache-2.0",
      "dependencies": {
        "tslib": "^2.6.2"
      }
    },
    "node_modules/@aws-crypto/util": {
      "version": "5.2.0",
      "resolved": "https://registry.npmjs.org/@aws-crypto/util/-/util-5.2.0.tgz",
      "integrity": "sha512-4RkU9EsI6ZpBve5fseQlGNUWKMa1RLPQ1dnjnQoe07ldfIzcsGb5hC5W0Dm7u423KWzawlrpbjXBrXCEv9zazQ==",
      "license": "Apache-2.0",
      "dependencies": {
        "@aws-sdk/types": "^3.222.0",
        "@smithy/util-utf8": "^2.0.0",
        "tslib": "^2.6.2"
      }
    },
    "node_modules/@aws-sdk/client-s3": {
      "version": "3.1058.0",
      "resolved": "https://registry.npmjs.org/@aws-sdk/client-s3/-/client-s3-3.1058.0.tgz",
      "integrity": "sha512-AfED3hhaBZ121NuiBImgnlF98kQRMk6hGPMGfj/Oo1hSaoMFRzM+N4nlICCasUSM2R8QaIRZRYGpZ3fy0ilGZQ==",
      "license": "Apache-2.0",
      "dependencies": {
        "@aws-crypto/sha1-browser": "5.2.0",
        "@aws-crypto/sha256-browser": "5.2.0",
        "@aws-crypto/sha256-js": "5.2.0",
        "@aws-sdk/core": "^3.974.15",
        "@aws-sdk/credential-provider-node": "^3.972.48",
        "@aws-sdk/middleware-bucket-endpoint": "^3.972.17",
        "@aws-sdk/middleware-expect-continue": "^3.972.14",
        "@aws-sdk/middleware-flexible-checksums": "^3.974.23",
        "@aws-sdk/middleware-location-constraint": "^3.972.11",
        "@aws-sdk/middleware-sdk-s3": "^3.972.44",
        "@aws-sdk/middleware-ssec": "^3.972.11",
        "@aws-sdk/signature-v4-multi-region": "^3.996.30",
        "@aws-sdk/types": "^3.973.9",
        "@smithy/core": "^3.24.5",
        "@smithy/fetch-http-handler": "^5.4.5",
        "@smithy/node-http-handler": "^4.7.5",
        "@smithy/types": "^4.14.2",
        "tslib": "^2.6.2"
      },
      "engines": {
        "node": ">=20.0.0"
      }
    },
    "node_modules/@aws-sdk/core": {
      "version": "3.974.15",
      "resolved": "https://registry.npmjs.org/@aws-sdk/core/-/core-3.974.15.tgz",
      "integrity": "sha512-UpA0rTGW/tHGITcCqHisbuuEPraYg9GG+mWmXjY5+RxZBMLGe6aL9oe0ix50LztwAcPIkGZLH0yWdMIkCM10hw==",
      "license": "Apache-2.0",
      "dependencies": {
        "@aws-sdk/types": "^3.973.9",
        "@aws-sdk/xml-builder": "^3.972.26",
        "@aws/lambda-invoke-store": "^0.2.2",
        "@smithy/core": "^3.24.5",
        "@smithy/signature-v4": "^5.4.5",
        "@smithy/types": "^4.14.2",
        "bowser": "^2.11.0",
        "tslib": "^2.6.2"
      },
      "engines": {
        "node": ">=20.0.0"
      }
    },
    "node_modules/@aws-sdk/crc64-nvme": {
      "version": "3.972.9",
      "resolved": "https://registry.npmjs.org/@aws-sdk/crc64-nvme/-/crc64-nvme-3.972.9.tgz",
      "integrity": "sha512-P+QGozmXn2mZZI7sDgk+aUm+RTI61MPSFB+Ir2vjEjEbEsE4e7hYtzrDvAUxZy9ko81h53e11+F/GYlvwDkaOQ==",
      "license": "Apache-2.0",
      "dependencies": {
        "@smithy/types": "^4.14.2",
        "tslib": "^2.6.2"
      },
      "engines": {
        "node": ">=20.0.0"
      }
    },
    "node_modules/@aws-sdk/credential-provider-env": {
      "version": "3.972.41",
      "resolved": "https://registry.npmjs.org/@aws-sdk/credential-provider-env/-/credential-provider-env-3.972.41.tgz",
      "integrity": "sha512-n1EbJ98yvPWWdHZZv8bRBMqqDQJrtgtxyJ4xLy2Uqrh25BCOZQ7nnS1CsFXvuH8r0b0KVHDZEGEH5FxmEMP8jg==",
      "license": "Apache-2.0",
      "dependencies": {
        "@aws-sdk/core": "^3.974.15",
        "@aws-sdk/types": "^3.973.9",
        "@smithy/core": "^3.24.5",
        "@smithy/types": "^4.14.2",
        "tslib": "^2.6.2"
      },
      "engines": {
        "node": ">=20.0.0"
      }
    },
    "node_modules/@aws-sdk/credential-provider-http": {
      "version": "3.972.43",
      "resolved": "https://registry.npmjs.org/@aws-sdk/credential-provider-http/-/credential-provider-http-3.972.43.tgz",
      "integrity": "sha512-TT76RN1NkI9WoyZqCNxOw6/WBMF7pYOTJcXbMokNFU+euSG40Kaf/t/FhDACVZWP+43wEM6ZynIPIkzS1wR1iA==",
      "license": "Apache-2.0",
      "dependencies": {
        "@aws-sdk/core": "^3.974.15",
        "@aws-sdk/types": "^3.973.9",
        "@smithy/core": "^3.24.5",
        "@smithy/fetch-http-handler": "^5.4.5",
        "@smithy/node-http-handler": "^4.7.5",
        "@smithy/types": "^4.14.2",
        "tslib": "^2.6.2"
      },
      "engines": {
        "node": ">=20.0.0"
      }
    },
    "node_modules/@aws-sdk/credential-provider-ini": {
      "version": "3.972.46",
      "resolved": "https://registry.npmjs.org/@aws-sdk/credential-provider-ini/-/credential-provider-ini-3.972.46.tgz",
      "integrity": "sha512-hvcgcwOiS0nb2XFb5Op1Pz/vYaWz5K8kKullziGpdNRuG0NwzRXseuPt2CoBqknHGaSPVesu1aOn2OcctEYdCA==",
      "license": "Apache-2.0",
      "dependencies": {
        "@aws-sdk/core": "^3.974.15",
        "@aws-sdk/credential-provider-env": "^3.972.41",
        "@aws-sdk/credential-provider-http": "^3.972.43",
        "@aws-sdk/credential-provider-login": "^3.972.45",
        "@aws-sdk/credential-provider-process": "^3.972.41",
        "@aws-sdk/credential-provider-sso": "^3.972.45",
        "@aws-sdk/credential-provider-web-identity": "^3.972.45",
        "@aws-sdk/nested-clients": "^3.997.13",
        "@aws-sdk/types": "^3.973.9",
        "@smithy/core": "^3.24.5",
        "@smithy/credential-provider-imds": "^4.3.6",
        "@smithy/types": "^4.14.2",
        "tslib": "^2.6.2"
      },
      "engines": {
        "node": ">=20.0.0"
      }
    },
    "node_modules/@aws-sdk/credential-provider-login": {
      "version": "3.972.45",
      "resolved": "https://registry.npmjs.org/@aws-sdk/credential-provider-login/-/credential-provider-login-3.972.45.tgz",
      "integrity": "sha512-MZQv4SNjByk1iOKmrqmzcUF/uCB05wjvEHyXKxmGQTUANTIVayX6HPUF0bzkWLvtnkH7sAn9kUCfkXbSpj9sDA==",
      "license": "Apache-2.0",
      "dependencies": {
        "@aws-sdk/core": "^3.974.15",
        "@aws-sdk/nested-clients": "^3.997.13",
        "@aws-sdk/types": "^3.973.9",
        "@smithy/core": "^3.24.5",
        "@smithy/types": "^4.14.2",
        "tslib": "^2.6.2"
      },
      "engines": {
        "node": ">=20.0.0"
      }
    },
    "node_modules/@aws-sdk/credential-provider-node": {
      "version": "3.972.48",
      "resolved": "https://registry.npmjs.org/@aws-sdk/credential-provider-node/-/credential-provider-node-3.972.48.tgz",
      "integrity": "sha512-QIbtJP0olSLZ2ImEu636pP+7JJbPfaL3xSJIFXhu472CWuondCc4bGOa8OeyhOFet8z4H1D/ZFKXc39FboWwYA==",
      "license": "Apache-2.0",
      "dependencies": {
        "@aws-sdk/credential-provider-env": "^3.972.41",
        "@aws-sdk/credential-provider-http": "^3.972.43",
        "@aws-sdk/credential-provider-ini": "^3.972.46",
        "@aws-sdk/credential-provider-process": "^3.972.41",
        "@aws-sdk/credential-provider-sso": "^3.972.45",
        "@aws-sdk/credential-provider-web-identity": "^3.972.45",
        "@aws-sdk/types": "^3.973.9",
        "@smithy/core": "^3.24.5",
        "@smithy/credential-provider-imds": "^4.3.6",
        "@smithy/types": "^4.14.2",
        "tslib": "^2.6.2"
      },
      "engines": {
        "node": ">=20.0.0"
      }
    },
    "node_modules/@aws-sdk/credential-provider-process": {
      "version": "3.972.41",
      "resolved": "https://registry.npmjs.org/@aws-sdk/credential-provider-process/-/credential-provider-process-3.972.41.tgz",
      "integrity": "sha512-7I/n1zkysouLOWvkEhjNEP4vMnD2v4kzzr3/3QBdrripEpn7ap1/I5DF3Hou1SUqkKWo1f3oPGMyFAA1FAMvsQ==",
      "license": "Apache-2.0",
      "dependencies": {
        "@aws-sdk/core": "^3.974.15",
        "@aws-sdk/types": "^3.973.9",
        "@smithy/core": "^3.24.5",
        "@smithy/types": "^4.14.2",
        "tslib": "^2.6.2"
      },
      "engines": {
        "node": ">=20.0.0"
      }
    },
    "node_modules/@aws-sdk/credential-provider-sso": {
      "version": "3.972.45",
      "resolved": "https://registry.npmjs.org/@aws-sdk/credential-provider-sso/-/credential-provider-sso-3.972.45.tgz",
      "integrity": "sha512-oHgbz/eFD8IKiksqDsz9ZMU4A59BpQq4QwJedBnGD80ZqYcHPPHZBwjBnxLVkB7iRVVHWpDclR8yWdD2PkQIUA==",
      "license": "Apache-2.0",
      "dependencies": {
        "@aws-sdk/core": "^3.974.15",
        "@aws-sdk/nested-clients": "^3.997.13",
        "@aws-sdk/token-providers": "3.1056.0",
        "@aws-sdk/types": "^3.973.9",
        "@smithy/core": "^3.24.5",
        "@smithy/types": "^4.14.2",
        "tslib": "^2.6.2"
      },
      "engines": {
        "node": ">=20.0.0"
      }
    },
    "node_modules/@aws-sdk/credential-provider-web-identity": {
      "version": "3.972.45",
      "resolved": "https://registry.npmjs.org/@aws-sdk/credential-provider-web-identity/-/credential-provider-web-identity-3.972.45.tgz",
      "integrity": "sha512-CDhzKdb2onv5bpnjn/acgdNmJOQthPDLsPizU7rZflsEcgMMp8Mlri+U5hdxf8ldvZJpvM3vLU6D56vfJm5AMQ==",
      "license": "Apache-2.0",
      "dependencies": {
        "@aws-sdk/core": "^3.974.15",
        "@aws-sdk/nested-clients": "^3.997.13",
        "@aws-sdk/types": "^3.973.9",
        "@smithy/core": "^3.24.5",
        "@smithy/types": "^4.14.2",
        "tslib": "^2.6.2"
      },
      "engines": {
        "node": ">=20.0.0"
      }
    },
    "node_modules/@aws-sdk/middleware-bucket-endpoint": {
      "version": "3.972.17",
      "resolved": "https://registry.npmjs.org/@aws-sdk/middleware-bucket-endpoint/-/middleware-bucket-endpoint-3.972.17.tgz",
      "integrity": "sha512-lbDmWuHenc+kiwCNrxz4MyN6nkxCWyTXPIWuspJN0ibziu+8CXci7vI1bK9MAkwy8cwJOEXNu0gBM5S0uTGRIg==",
      "license": "Apache-2.0",
      "dependencies": {
        "@aws-sdk/core": "^3.974.15",
        "@aws-sdk/types": "^3.973.9",
        "@smithy/core": "^3.24.5",
        "@smithy/types": "^4.14.2",
        "tslib": "^2.6.2"
      },
      "engines": {
        "node": ">=20.0.0"
      }
    },
    "node_modules/@aws-sdk/middleware-expect-continue": {
      "version": "3.972.14",
      "resolved": "https://registry.npmjs.org/@aws-sdk/middleware-expect-continue/-/middleware-expect-continue-3.972.14.tgz",
      "integrity": "sha512-3TNFEVGO4sWZj9TEXOCZLzGEctXHnaO4fk2EQ8KVaboTbwHmEPEQrm17Xb9koImUIXEw0sgi2xtHjg7LuTS3rA==",
      "license": "Apache-2.0",
      "dependencies": {
        "@aws-sdk/types": "^3.973.9",
        "@smithy/core": "^3.24.5",
        "@smithy/types": "^4.14.2",
        "tslib": "^2.6.2"
      },
      "engines": {
        "node": ">=20.0.0"
      }
    },
    "node_modules/@aws-sdk/middleware-flexible-checksums": {
      "version": "3.974.23",
      "resolved": "https://registry.npmjs.org/@aws-sdk/middleware-flexible-checksums/-/middleware-flexible-checksums-3.974.23.tgz",
      "integrity": "sha512-4nPKARo2lfKvQGUt2fPA5NlS/mEohckdxpuC9ecbjVfj7B7NFFYHeTg+Bf5BEQwdn3yRfUIzFiEkPp8Yuaw3wA==",
      "license": "Apache-2.0",
      "dependencies": {
        "@aws-crypto/crc32": "5.2.0",
        "@aws-crypto/crc32c": "5.2.0",
        "@aws-crypto/util": "5.2.0",
        "@aws-sdk/core": "^3.974.15",
        "@aws-sdk/crc64-nvme": "^3.972.9",
        "@aws-sdk/types": "^3.973.9",
        "@smithy/core": "^3.24.5",
        "@smithy/types": "^4.14.2",
        "tslib": "^2.6.2"
      },
      "engines": {
        "node": ">=20.0.0"
      }
    },
    "node_modules/@aws-sdk/middleware-location-constraint": {
      "version": "3.972.11",
      "resolved": "https://registry.npmjs.org/@aws-sdk/middleware-location-constraint/-/middleware-location-constraint-3.972.11.tgz",
      "integrity": "sha512-hkfspNUP4criAH6ton6BGKgnm5dZx+7bUOy1YqlTfejDeUPAM23D81q/IX+hdlS3KUsfwGz5ADTqZWKBEUpf4A==",
      "license": "Apache-2.0",
      "dependencies": {
        "@aws-sdk/types": "^3.973.9",
        "@smithy/types": "^4.14.2",
        "tslib": "^2.6.2"
      },
      "engines": {
        "node": ">=20.0.0"
      }
    },
    "node_modules/@aws-sdk/middleware-sdk-s3": {
      "version": "3.972.44",
      "resolved": "https://registry.npmjs.org/@aws-sdk/middleware-sdk-s3/-/middleware-sdk-s3-3.972.44.tgz",
      "integrity": "sha512-8HQsRg1NpX8vR4vNl1E8pyLnqZroq9VSL2vZQVSgBqp6wv6365LzYD08/c9FFh/9FTg7YRc7aTtEmXF0ir/pqg==",
      "license": "Apache-2.0",
      "dependencies": {
        "@aws-sdk/core": "^3.974.15",
        "@aws-sdk/signature-v4-multi-region": "^3.996.30",
        "@aws-sdk/types": "^3.973.9",
        "@smithy/core": "^3.24.5",
        "@smithy/types": "^4.14.2",
        "tslib": "^2.6.2"
      },
      "engines": {
        "node": ">=20.0.0"
      }
    },
    "node_modules/@aws-sdk/middleware-ssec": {
      "version": "3.972.11",
      "resolved": "https://registry.npmjs.org/@aws-sdk/middleware-ssec/-/middleware-ssec-3.972.11.tgz",
      "integrity": "sha512-7PQvGNhtveKlvVqNahqWx5yrwxP7ecwAoB1dYBf8eKwfo2tzzCbNnW+q2nO3N066ktQaB4iBQbDRWtizm+amoQ==",
      "license": "Apache-2.0",
      "dependencies": {
        "@aws-sdk/types": "^3.973.9",
        "@smithy/types": "^4.14.2",
        "tslib": "^2.6.2"
      },
      "engines": {
        "node": ">=20.0.0"
      }
    },
    "node_modules/@aws-sdk/nested-clients": {
      "version": "3.997.13",
      "resolved": "https://registry.npmjs.org/@aws-sdk/nested-clients/-/nested-clients-3.997.13.tgz",
      "integrity": "sha512-2pA6eyb5nSo/ZD2cayhOTEMoGQYgspq0RI05GDLkzQ3ajZ6isS6waV6E92Am/hz4LIlLUTrbwPLurJ/fuiHvkg==",
      "license": "Apache-2.0",
      "dependencies": {
        "@aws-crypto/sha256-browser": "5.2.0",
        "@aws-crypto/sha256-js": "5.2.0",
        "@aws-sdk/core": "^3.974.15",
        "@aws-sdk/signature-v4-multi-region": "^3.996.30",
        "@aws-sdk/types": "^3.973.9",
        "@smithy/core": "^3.24.5",
        "@smithy/fetch-http-handler": "^5.4.5",
        "@smithy/node-http-handler": "^4.7.5",
        "@smithy/types": "^4.14.2",
        "tslib": "^2.6.2"
      },
      "engines": {
        "node": ">=20.0.0"
      }
    },
    "node_modules/@aws-sdk/signature-v4-multi-region": {
      "version": "3.996.30",
      "resolved": "https://registry.npmjs.org/@aws-sdk/signature-v4-multi-region/-/signature-v4-multi-region-3.996.30.tgz",
      "integrity": "sha512-HULDLMVzkmTSEv6//7kx2kRevp/VYUpm8hJNNFbmhxDn0fUiGTxVcM9yg31TukvTq8nyOBDUN2gH0o5IRbKjdw==",
      "license": "Apache-2.0",
      "dependencies": {
        "@aws-sdk/types": "^3.973.9",
        "@smithy/signature-v4": "^5.4.5",
        "@smithy/types": "^4.14.2",
        "tslib": "^2.6.2"
      },
      "engines": {
        "node": ">=20.0.0"
      }
    },
    "node_modules/@aws-sdk/token-providers": {
      "version": "3.1056.0",
      "resolved": "https://registry.npmjs.org/@aws-sdk/token-providers/-/token-providers-3.1056.0.tgz",
      "integrity": "sha512-81duvlltQlsfn5K+o8zILcystBRdbT1G2JJYVCML5NZHBz4CL/zf+sAemCtBh/uh6RQUMyInGeZLQ7/8igZhbA==",
      "license": "Apache-2.0",
      "dependencies": {
        "@aws-sdk/core": "^3.974.15",
        "@aws-sdk/nested-clients": "^3.997.13",
        "@aws-sdk/types": "^3.973.9",
        "@smithy/core": "^3.24.5",
        "@smithy/types": "^4.14.2",
        "tslib": "^2.6.2"
      },
      "engines": {
        "node": ">=20.0.0"
      }
    },
    "node_modules/@aws-sdk/types": {
      "version": "3.973.9",
      "resolved": "https://registry.npmjs.org/@aws-sdk/types/-/types-3.973.9.tgz",
      "integrity": "sha512-kuBfgQVdcz5Bmapc4A13YbpVw/pXkesfhetcFYwbntqas8sF41OHyd4o28+/TG2ZQdHBsv90Lsu5y6oitvYCdg==",
      "license": "Apache-2.0",
      "dependencies": {
        "@smithy/types": "^4.14.2",
        "tslib": "^2.6.2"
      },
      "engines": {
        "node": ">=20.0.0"
      }
    },
    "node_modules/@aws-sdk/util-locate-window": {
      "version": "3.965.5",
      "resolved": "https://registry.npmjs.org/@aws-sdk/util-locate-window/-/util-locate-window-3.965.5.tgz",
      "integrity": "sha512-WhlJNNINQB+9qtLtZJcpQdgZw3SCDCpXdUJP7cToGwHbCWCnRckGlc6Bx/OhWwIYFNAn+FIydY8SZ0QmVu3xTQ==",
      "license": "Apache-2.0",
      "dependencies": {
        "tslib": "^2.6.2"
      },
      "engines": {
        "node": ">=20.0.0"
      }
    },
    "node_modules/@aws-sdk/xml-builder": {
      "version": "3.972.26",
      "resolved": "https://registry.npmjs.org/@aws-sdk/xml-builder/-/xml-builder-3.972.26.tgz",
      "integrity": "sha512-cDbrqvDS73whl6YAPSPq0U6whzG6UWI9PuWh0wrUuGoZexhWEqhdunbukV7iBoaWnFV1AODutM5hOD6rtn439g==",
      "license": "Apache-2.0",
      "dependencies": {
        "@smithy/types": "^4.14.2",
        "fast-xml-parser": "5.7.3",
        "tslib": "^2.6.2"
      },
      "engines": {
        "node": ">=20.0.0"
      }
    },
    "node_modules/@aws/lambda-invoke-store": {
      "version": "0.2.4",
      "resolved": "https://registry.npmjs.org/@aws/lambda-invoke-store/-/lambda-invoke-store-0.2.4.tgz",
      "integrity": "sha512-iY8yvjE0y651BixKNPgmv1WrQc+GZ142sb0z4gYnChDDY2YqI4P/jsSopBWrKfAt7LOJAkOXt7rC/hms+WclQQ==",
      "license": "Apache-2.0",
      "engines": {
        "node": ">=18.0.0"
      }
    },
    "node_modules/@nodable/entities": {
      "version": "2.1.1",
      "resolved": "https://registry.npmjs.org/@nodable/entities/-/entities-2.1.1.tgz",
      "integrity": "sha512-Pig3HxDIoMgjdEH8OCf/dkcTmLFjJRjWuq8jSnklu284/TKOPibSRERmOykiwmyXTtv61mP+44f3GMx0tLAyjg==",
      "funding": [
        {
          "type": "github",
          "url": "https://github.com/sponsors/nodable"
        }
      ],
      "license": "MIT"
    },
    "node_modules/@smithy/core": {
      "version": "3.24.6",
      "resolved": "https://registry.npmjs.org/@smithy/core/-/core-3.24.6.tgz",
      "integrity": "sha512-wBXDRup6UU97VKyaiRo8AssnfStPtG0oAAfpq/bC0a1YYau8pM86YB4kM6ccoVi1mS8l/UHbn9oDM+7uozr/ug==",
      "license": "Apache-2.0",
      "dependencies": {
        "@aws-crypto/crc32": "5.2.0",
        "@smithy/types": "^4.14.3",
        "tslib": "^2.6.2"
      },
      "engines": {
        "node": ">=18.0.0"
      }
    },
    "node_modules/@smithy/credential-provider-imds": {
      "version": "4.3.7",
      "resolved": "https://registry.npmjs.org/@smithy/credential-provider-imds/-/credential-provider-imds-4.3.7.tgz",
      "integrity": "sha512-xj8gq/bjFABAh6qWPSDCYcY3kzQIm4b561C+YnHH4zGq8rOgzQ3Shk+JGlpUxSd41UGiO6FkLdUCtNX1FAeHgg==",
      "license": "Apache-2.0",
      "dependencies": {
        "@smithy/core": "^3.24.6",
        "@smithy/types": "^4.14.3",
        "tslib": "^2.6.2"
      },
      "engines": {
        "node": ">=18.0.0"
      }
    },
    "node_modules/@smithy/fetch-http-handler": {
      "version": "5.4.6",
      "resolved": "https://registry.npmjs.org/@smithy/fetch-http-handler/-/fetch-http-handler-5.4.6.tgz",
      "integrity": "sha512-FEwEYJ1jlBKdhe9TPzfghEi1bP55ZeEImlDkEa62bBBYzUcnB6RUCyuiS2mqKt6ZVjUbBgcNhzfIctH+Hevx9g==",
      "license": "Apache-2.0",
      "dependencies": {
        "@smithy/core": "^3.24.6",
        "@smithy/types": "^4.14.3",
        "tslib": "^2.6.2"
      },
      "engines": {
        "node": ">=18.0.0"
      }
    },
    "node_modules/@smithy/is-array-buffer": {
      "version": "2.2.0",
      "resolved": "https://registry.npmjs.org/@smithy/is-array-buffer/-/is-array-buffer-2.2.0.tgz",
      "integrity": "sha512-GGP3O9QFD24uGeAXYUjwSTXARoqpZykHadOmA8G5vfJPK0/DC67qa//0qvqrJzL1xc8WQWX7/yc7fwudjPHPhA==",
      "license": "Apache-2.0",
      "dependencies": {
        "tslib": "^2.6.2"
      },
      "engines": {
        "node": ">=14.0.0"
      }
    },
    "node_modules/@smithy/node-http-handler": {
      "version": "4.7.6",
      "resolved": "https://registry.npmjs.org/@smithy/node-http-handler/-/node-http-handler-4.7.6.tgz",
      "integrity": "sha512-3fya8i7GrJilQouk4cZJKdy5k8MWQBpjfXrRNaXDedH8r779tr0jcxyH3+yoTmsluc2+vF4S343yFbnvu8ExDQ==",
      "license": "Apache-2.0",
      "dependencies": {
        "@smithy/core": "^3.24.6",
        "@smithy/types": "^4.14.3",
        "tslib": "^2.6.2"
      },
      "engines": {
        "node": ">=18.0.0"
      }
    },
    "node_modules/@smithy/signature-v4": {
      "version": "5.4.6",
      "resolved": "https://registry.npmjs.org/@smithy/signature-v4/-/signature-v4-5.4.6.tgz",
      "integrity": "sha512-Ojg4B6oIDlIr1R86xCDJt1zJWnYa0VINmqdjfe9qxWjdRivHalZ3iSlQgVqYbW0MdpFOC5XfHEWsnbmdnpIILQ==",
      "license": "Apache-2.0",
      "dependencies": {
        "@smithy/core": "^3.24.6",
        "@smithy/types": "^4.14.3",
        "tslib": "^2.6.2"
      },
      "engines": {
        "node": ">=18.0.0"
      }
    },
    "node_modules/@smithy/types": {
      "version": "4.14.3",
      "resolved": "https://registry.npmjs.org/@smithy/types/-/types-4.14.3.tgz",
      "integrity": "sha512-YupL0ZWmFtJexUN2cHzkvvF/b9pKrtAIfT1o7/oY/Ppu8IYeZ+lDPM5vZdQJaSeA132dJCqojjGC9NhXeF71VQ==",
      "license": "Apache-2.0",
      "dependencies": {
        "tslib": "^2.6.2"
      },
      "engines": {
        "node": ">=18.0.0"
      }
    },
    "node_modules/@smithy/util-buffer-from": {
      "version": "2.2.0",
      "resolved": "https://registry.npmjs.org/@smithy/util-buffer-from/-/util-buffer-from-2.2.0.tgz",
      "integrity": "sha512-IJdWBbTcMQ6DA0gdNhh/BwrLkDR+ADW5Kr1aZmd4k3DIF6ezMV4R2NIAmT08wQJ3yUK82thHWmC/TnK/wpMMIA==",
      "license": "Apache-2.0",
      "dependencies": {
        "@smithy/is-array-buffer": "^2.2.0",
        "tslib": "^2.6.2"
      },
      "engines": {
        "node": ">=14.0.0"
      }
    },
    "node_modules/@smithy/util-utf8": {
      "version": "2.3.0",
      "resolved": "https://registry.npmjs.org/@smithy/util-utf8/-/util-utf8-2.3.0.tgz",
      "integrity": "sha512-R8Rdn8Hy72KKcebgLiv8jQcQkXoLMOGGv5uI1/k0l+snqkOzQ1R0ChUBCxWMlBsFMekWjq0wRudIweFs7sKT5A==",
      "license": "Apache-2.0",
      "dependencies": {
        "@smithy/util-buffer-from": "^2.2.0",
        "tslib": "^2.6.2"
      },
      "engines": {
        "node": ">=14.0.0"
      }
    },
    "node_modules/bowser": {
      "version": "2.14.1",
      "resolved": "https://registry.npmjs.org/bowser/-/bowser-2.14.1.tgz",
      "integrity": "sha512-tzPjzCxygAKWFOJP011oxFHs57HzIhOEracIgAePE4pqB3LikALKnSzUyU4MGs9/iCEUuHlAJTjTc5M+u7YEGg==",
      "license": "MIT"
    },
    "node_modules/chokidar": {
      "version": "5.0.0",
      "resolved": "https://registry.npmjs.org/chokidar/-/chokidar-5.0.0.tgz",
      "integrity": "sha512-TQMmc3w+5AxjpL8iIiwebF73dRDF4fBIieAqGn9RGCWaEVwQ6Fb2cGe31Yns0RRIzii5goJ1Y7xbMwo1TxMplw==",
      "license": "MIT",
      "dependencies": {
        "readdirp": "^5.0.0"
      },
      "engines": {
        "node": ">= 20.19.0"
      },
      "funding": {
        "url": "https://paulmillr.com/funding/"
      }
    },
    "node_modules/fast-xml-builder": {
      "version": "1.2.0",
      "resolved": "https://registry.npmjs.org/fast-xml-builder/-/fast-xml-builder-1.2.0.tgz",
      "integrity": "sha512-00aAWieqff+ZJhsXA4g1g7M8k+7AYoMUUHF+/zFb5U6Uv/P0Vl4QZo84/IcufzYalLuEj9928bXN9PbbFzMF0Q==",
      "funding": [
        {
          "type": "github",
          "url": "https://github.com/sponsors/NaturalIntelligence"
        }
      ],
      "license": "MIT",
      "dependencies": {
        "path-expression-matcher": "^1.5.0",
        "xml-naming": "^0.1.0"
      }
    },
    "node_modules/fast-xml-parser": {
      "version": "5.7.3",
      "resolved": "https://registry.npmjs.org/fast-xml-parser/-/fast-xml-parser-5.7.3.tgz",
      "integrity": "sha512-C0AaNuC+mscy6vrAQKAc/rMq+zAPHodfHGZu4sGVehvAQt/JLG1O5zEcYcXSY5zSqr4YVgxsB+pHXTq0i7eDlg==",
      "funding": [
        {
          "type": "github",
          "url": "https://github.com/sponsors/NaturalIntelligence"
        }
      ],
      "license": "MIT",
      "dependencies": {
        "@nodable/entities": "^2.1.0",
        "fast-xml-builder": "^1.1.7",
        "path-expression-matcher": "^1.5.0",
        "strnum": "^2.2.3"
      },
      "bin": {
        "fxparser": "src/cli/cli.js"
      }
    },
    "node_modules/path-expression-matcher": {
      "version": "1.5.0",
      "resolved": "https://registry.npmjs.org/path-expression-matcher/-/path-expression-matcher-1.5.0.tgz",
      "integrity": "sha512-cbrerZV+6rvdQrrD+iGMcZFEiiSrbv9Tfdkvnusy6y0x0GKBXREFg/Y65GhIfm0tnLntThhzCnfKwp1WRjeCyQ==",
      "funding": [
        {
          "type": "github",
          "url": "https://github.com/sponsors/NaturalIntelligence"
        }
      ],
      "license": "MIT",
      "engines": {
        "node": ">=14.0.0"
      }
    },
    "node_modules/readdirp": {
      "version": "5.0.0",
      "resolved": "https://registry.npmjs.org/readdirp/-/readdirp-5.0.0.tgz",
      "integrity": "sha512-9u/XQ1pvrQtYyMpZe7DXKv2p5CNvyVwzUB6uhLAnQwHMSgKMBR62lc7AHljaeteeHXn11XTAaLLUVZYVZyuRBQ==",
      "license": "MIT",
      "engines": {
        "node": ">= 20.19.0"
      },
      "funding": {
        "type": "individual",
        "url": "https://paulmillr.com/funding/"
      }
    },
    "node_modules/semver": {
      "version": "7.7.4",
      "resolved": "https://registry.npmjs.org/semver/-/semver-7.7.4.tgz",
      "integrity": "sha512-vFKC2IEtQnVhpT78h1Yp8wzwrf8CM+MzKMHGJZfBtzhZNycRFnXsHk6E5TxIkkMsgNS7mdX3AGB7x2QM2di4lA==",
      "bin": {
        "semver": "bin/semver.js"
      },
      "engines": {
        "node": ">=10"
      }
    },
    "node_modules/strnum": {
      "version": "2.3.0",
      "resolved": "https://registry.npmjs.org/strnum/-/strnum-2.3.0.tgz",
      "integrity": "sha512-ums3KNd42PGyx5xaoVTO1mjU1bH3NpY4vsrVlnv9PNGqQj8wd7rJ6nEypLrJ7z5vxK5RP0yMLo6J/Gsm62DI5Q==",
      "funding": [
        {
          "type": "github",
          "url": "https://github.com/sponsors/NaturalIntelligence"
        }
      ],
      "license": "MIT"
    },
    "node_modules/tslib": {
      "version": "2.8.1",
      "resolved": "https://registry.npmjs.org/tslib/-/tslib-2.8.1.tgz",
      "integrity": "sha512-oJFu94HQb+KVduSUQL7wnpmqnfmLsOA/nAh6b6EH0wCEoK0/mPeXU6c3wKDV83MkOuHPRHtSXKKU99IBazS/2w==",
      "license": "0BSD"
    },
    "node_modules/xml-naming": {
      "version": "0.1.0",
      "resolved": "https://registry.npmjs.org/xml-naming/-/xml-naming-0.1.0.tgz",
      "integrity": "sha512-k8KO9hrMyNk6tUWqUfkTEZbezRRpONVOzUTnc97VnCvyj6Tf9lyUR9EDAIeiVLv56jsMcoXEwjW8Kv5yPY52lw==",
      "funding": [
        {
          "type": "github",
          "url": "https://github.com/sponsors/NaturalIntelligence"
        }
      ],
      "license": "MIT",
      "engines": {
        "node": ">=16.0.0"
      }
    }
  }
}
