# THIS IS AN AUTOGENERATED FILE. DO NOT EDIT THIS FILE DIRECTLY.
# yarn lockfile v1


"ansi-regex@^2.0.0":
  "integrity" "sha1-w7M6te42DYbg5ijwRorn7yfWVN8="
  "resolved" "https://registry.npmjs.org/ansi-regex/-/ansi-regex-2.1.1.tgz"
  "version" "2.1.1"

"ansi-styles@^2.2.1":
  "integrity" "sha1-tDLdM1i2NM914eRmQ2gkBTPB3b4="
  "resolved" "https://registry.npmjs.org/ansi-styles/-/ansi-styles-2.2.1.tgz"
  "version" "2.2.1"

"aws-sdk@^2.675.0":
  "integrity" "sha512-me3AiDvgE4ABzWTz/CWBPgBMAbmf4AI2jpiCOXvrgCrwQu559VSUANeTZq5pfxGyzkHsmaAtJ7iu2Y8f8SikQA=="
  "resolved" "https://registry.npmjs.org/aws-sdk/-/aws-sdk-2.675.0.tgz"
  "version" "2.675.0"
  dependencies:
    "buffer" "4.9.1"
    "events" "1.1.1"
    "ieee754" "1.1.13"
    "jmespath" "0.15.0"
    "querystring" "0.2.0"
    "sax" "1.2.1"
    "url" "0.10.3"
    "uuid" "3.3.2"
    "xml2js" "0.4.19"

"balanced-match@^1.0.0":
  "integrity" "sha1-ibTRmasr7kneFk6gK4nORi1xt2c="
  "resolved" "https://registry.npmjs.org/balanced-match/-/balanced-match-1.0.0.tgz"
  "version" "1.0.0"

"base64-js@^1.0.2":
  "integrity" "sha512-mLQ4i2QO1ytvGWFWmcngKO//JXAQueZvwEKtjgQFM4jIK0kU+ytMfplL8j+n5mspOfjHwoAg+9yhb7BwAHm36g=="
  "resolved" "https://registry.npmjs.org/base64-js/-/base64-js-1.3.1.tgz"
  "version" "1.3.1"

"brace-expansion@^1.1.7":
  "integrity" "sha512-iCuPHDFgrHX7H2vEI/5xpz07zSHB00TpugqhmYtVmMO6518mCuRMoOYFldEBl0g187ufozdaHgWKcYFb61qGiA=="
  "resolved" "https://registry.npmjs.org/brace-expansion/-/brace-expansion-1.1.11.tgz"
  "version" "1.1.11"
  dependencies:
    "balanced-match" "^1.0.0"
    "concat-map" "0.0.1"

"buffer@4.9.1":
  "integrity" "sha1-bRu2AbB6TvztlwlBMgkwJ8lbwpg="
  "resolved" "https://registry.npmjs.org/buffer/-/buffer-4.9.1.tgz"
  "version" "4.9.1"
  dependencies:
    "base64-js" "^1.0.2"
    "ieee754" "^1.1.4"
    "isarray" "^1.0.0"

"chalk@^1.1.3":
  "integrity" "sha1-qBFcVeSnAv5NFQq9OHKCKn4J/Jg="
  "resolved" "https://registry.npmjs.org/chalk/-/chalk-1.1.3.tgz"
  "version" "1.1.3"
  dependencies:
    "ansi-styles" "^2.2.1"
    "escape-string-regexp" "^1.0.2"
    "has-ansi" "^2.0.0"
    "strip-ansi" "^3.0.0"
    "supports-color" "^2.0.0"

"concat-map@0.0.1":
  "integrity" "sha1-2Klr13/Wjfd5OnMDajug1UBdR3s="
  "resolved" "https://registry.npmjs.org/concat-map/-/concat-map-0.0.1.tgz"
  "version" "0.0.1"

"escape-string-regexp@^1.0.2":
  "integrity" "sha1-G2HAViGQqN/2rjuyzwIAyhMLhtQ="
  "resolved" "https://registry.npmjs.org/escape-string-regexp/-/escape-string-regexp-1.0.5.tgz"
  "version" "1.0.5"

"events@1.1.1":
  "integrity" "sha1-nr23Y1rQmccNzEwqH1AEKI6L2SQ="
  "resolved" "https://registry.npmjs.org/events/-/events-1.1.1.tgz"
  "version" "1.1.1"

"fs.realpath@^1.0.0":
  "integrity" "sha1-FQStJSMVjKpA20onh8sBQRmU6k8="
  "resolved" "https://registry.npmjs.org/fs.realpath/-/fs.realpath-1.0.0.tgz"
  "version" "1.0.0"

"gaze-run-interrupt@^1.0.1":
  "integrity" "sha1-iV9uRsHyVhXt9odPkWimcAnx9EY="
  "resolved" "https://registry.npmjs.org/gaze-run-interrupt/-/gaze-run-interrupt-1.0.1.tgz"
  "version" "1.0.1"
  dependencies:
    "chalk" "^1.1.3"
    "gaze" "^1.0.0"

"gaze@^1.0.0":
  "integrity" "sha512-BRdNm8hbWzFzWHERTrejLqwHDfS4GibPoq5wjTPIoJHoBtKGPg3xAFfxmM+9ztbXelxcf2hwQcaz1PtmFeue8g=="
  "resolved" "https://registry.npmjs.org/gaze/-/gaze-1.1.3.tgz"
  "version" "1.1.3"
  dependencies:
    "globule" "^1.0.0"

"glob@~7.1.1":
  "integrity" "sha512-LwaxwyZ72Lk7vZINtNNrywX0ZuLyStrdDtabefZKAY5ZGJhVtgdznluResxNmPitE0SAO+O26sWTHeKSI2wMBA=="
  "resolved" "https://registry.npmjs.org/glob/-/glob-7.1.6.tgz"
  "version" "7.1.6"
  dependencies:
    "fs.realpath" "^1.0.0"
    "inflight" "^1.0.4"
    "inherits" "2"
    "minimatch" "^3.0.4"
    "once" "^1.3.0"
    "path-is-absolute" "^1.0.0"

"globule@^1.0.0":
  "integrity" "sha512-YlD4kdMqRCQHrhVdonet4TdRtv1/sZKepvoxNT4Nrhrp5HI8XFfc8kFlGlBn2myBo80aGp8Eft259mbcUJhgSg=="
  "resolved" "https://registry.npmjs.org/globule/-/globule-1.3.0.tgz"
  "version" "1.3.0"
  dependencies:
    "glob" "~7.1.1"
    "lodash" "~4.17.10"
    "minimatch" "~3.0.2"

"has-ansi@^2.0.0":
  "integrity" "sha1-NPUEnOHs3ysGSa8+8k5F7TVBbZE="
  "resolved" "https://registry.npmjs.org/has-ansi/-/has-ansi-2.0.0.tgz"
  "version" "2.0.0"
  dependencies:
    "ansi-regex" "^2.0.0"

"ieee754@^1.1.4", "ieee754@1.1.13":
  "integrity" "sha512-4vf7I2LYV/HaWerSo3XmlMkp5eZ83i+/CDluXi/IGTs/O1sejBNhTtnxzmRZfvOUqj7lZjqHkeTvpgSFDlWZTg=="
  "resolved" "https://registry.npmjs.org/ieee754/-/ieee754-1.1.13.tgz"
  "version" "1.1.13"

"inflight@^1.0.4":
  "integrity" "sha1-Sb1jMdfQLQwJvJEKEHW6gWW1bfk="
  "resolved" "https://registry.npmjs.org/inflight/-/inflight-1.0.6.tgz"
  "version" "1.0.6"
  dependencies:
    "once" "^1.3.0"
    "wrappy" "1"

"inherits@2":
  "integrity" "sha512-k/vGaX4/Yla3WzyMCvTQOXYeIHvqOKtnqBduzTHpzpQZzAskKMhZ2K+EnBiSM9zGSoIFeMpXKxa4dYeZIQqewQ=="
  "resolved" "https://registry.npmjs.org/inherits/-/inherits-2.0.4.tgz"
  "version" "2.0.4"

"isarray@^1.0.0":
  "integrity" "sha1-u5NdSFgsuhaMBoNJV6VKPgcSTxE="
  "resolved" "https://registry.npmjs.org/isarray/-/isarray-1.0.0.tgz"
  "version" "1.0.0"

"jmespath@0.15.0":
  "integrity" "sha1-o/Iiqarp+Wb10nx5ZRDigJF2Qhc="
  "resolved" "https://registry.npmjs.org/jmespath/-/jmespath-0.15.0.tgz"
  "version" "0.15.0"

"lodash@~4.17.10":
  "integrity" "sha512-8xOcRHvCjnocdS5cpwXQXVzmmh5e5+saE2QGoeQmbKmRS6J3VQppPOIt0MnmE+4xlZoumy0GPG0D0MVIQbNA1A=="
  "resolved" "https://registry.npmjs.org/lodash/-/lodash-4.17.15.tgz"
  "version" "4.17.15"

"minimatch@^3.0.4", "minimatch@~3.0.2":
  "integrity" "sha512-yJHVQEhyqPLUTgt9B83PXu6W3rx4MvvHvSUvToogpwoGDOUQ+yDrR0HRot+yOCdCO7u4hX3pWft6kWBBcqh0UA=="
  "resolved" "https://registry.npmjs.org/minimatch/-/minimatch-3.0.4.tgz"
  "version" "3.0.4"
  dependencies:
    "brace-expansion" "^1.1.7"

"once@^1.3.0":
  "integrity" "sha1-WDsap3WWHUsROsF9nFC6753Xa9E="
  "resolved" "https://registry.npmjs.org/once/-/once-1.4.0.tgz"
  "version" "1.4.0"
  dependencies:
    "wrappy" "1"

"path-is-absolute@^1.0.0":
  "integrity" "sha1-F0uSaHNVNP+8es5r9TpanhtcX18="
  "resolved" "https://registry.npmjs.org/path-is-absolute/-/path-is-absolute-1.0.1.tgz"
  "version" "1.0.1"

"punycode@1.3.2":
  "integrity" "sha1-llOgNvt8HuQjQvIyXM7v6jkmxI0="
  "resolved" "https://registry.npmjs.org/punycode/-/punycode-1.3.2.tgz"
  "version" "1.3.2"

"querystring@0.2.0":
  "integrity" "sha1-sgmEkgO7Jd+CDadW50cAWHhSFiA="
  "resolved" "https://registry.npmjs.org/querystring/-/querystring-0.2.0.tgz"
  "version" "0.2.0"

"sax@>=0.6.0", "sax@1.2.1":
  "integrity" "sha1-e45lYZCyKOgaZq6nSEgNgozS03o="
  "resolved" "https://registry.npmjs.org/sax/-/sax-1.2.1.tgz"
  "version" "1.2.1"

"semver@^7.3.2":
  "integrity" "sha512-OrOb32TeeambH6UrhtShmF7CRDqhL6/5XpPNp2DuRH6+9QLw/orhp72j87v8Qa1ScDkvrrBNpZcDejAirJmfXQ=="
  "resolved" "https://registry.npmjs.org/semver/-/semver-7.3.2.tgz"
  "version" "7.3.2"

"strip-ansi@^3.0.0":
  "integrity" "sha1-ajhfuIU9lS1f8F0Oiq+UJ43GPc8="
  "resolved" "https://registry.npmjs.org/strip-ansi/-/strip-ansi-3.0.1.tgz"
  "version" "3.0.1"
  dependencies:
    "ansi-regex" "^2.0.0"

"supports-color@^2.0.0":
  "integrity" "sha1-U10EXOa2Nj+kARcIRimZXp3zJMc="
  "resolved" "https://registry.npmjs.org/supports-color/-/supports-color-2.0.0.tgz"
  "version" "2.0.0"

"url@0.10.3":
  "integrity" "sha1-Ah5NnHcF8hu/N9A861h2dAJ3TGQ="
  "resolved" "https://registry.npmjs.org/url/-/url-0.10.3.tgz"
  "version" "0.10.3"
  dependencies:
    "punycode" "1.3.2"
    "querystring" "0.2.0"

"uuid@3.3.2":
  "integrity" "sha512-yXJmeNaw3DnnKAOKJE51sL/ZaYfWJRl1pK9dr19YFCu0ObS231AB1/LbqTKRAQ5kw8A90rA6fr4riOUpTZvQZA=="
  "resolved" "https://registry.npmjs.org/uuid/-/uuid-3.3.2.tgz"
  "version" "3.3.2"

"wrappy@1":
  "integrity" "sha1-tSQ9jz7BqjXxNkYFvA0QNuMKtp8="
  "resolved" "https://registry.npmjs.org/wrappy/-/wrappy-1.0.2.tgz"
  "version" "1.0.2"

"xml2js@0.4.19":
  "integrity" "sha512-esZnJZJOiJR9wWKMyuvSE1y6Dq5LCuJanqhxslH2bxM6duahNZ+HMpCLhBQGZkbX6xRf8x1Y2eJlgt2q3qo49Q=="
  "resolved" "https://registry.npmjs.org/xml2js/-/xml2js-0.4.19.tgz"
  "version" "0.4.19"
  dependencies:
    "sax" ">=0.6.0"
    "xmlbuilder" "~9.0.1"

"xmlbuilder@~9.0.1":
  "integrity" "sha1-Ey7mPS7FVlxVfiD0wi35rKaGsQ0="
  "resolved" "https://registry.npmjs.org/xmlbuilder/-/xmlbuilder-9.0.7.tgz"
  "version" "9.0.7"
